# THIS IS AN AUTOGENERATED FILE. DO NOT EDIT THIS FILE DIRECTLY.
# yarn lockfile v1


"@leeor/rescript-ppx-let@^0.1.13":
  version "0.1.13"
  resolved "https://registry.yarnpkg.com/@leeor/rescript-ppx-let/-/rescript-ppx-let-0.1.13.tgz#8c3daf2803b751ec646b3613faad684d3f9c9ca8"
  integrity sha512-WWTcvLSjxLulbw+LLI4JIFla0iL4flW+uv5GSJlZ9teg10zwKjfTX3h84nTzdxHRyPV+1pTbuT5Bp9eSasbs3g==

bs-platform@^8.4.2:
  version "8.4.2"
  resolved "https://registry.yarnpkg.com/bs-platform/-/bs-platform-8.4.2.tgz#778dabd1dfb3bc95e0086c58dabae74e4ebdee8a"
  integrity sha512-9q7S4/LLV/a68CweN382NJdCCr/lOSsJR3oQYnmPK98ChfO/AdiA3lYQkQTp6T+U0I5Z5RypUAUprNstwDtMDQ==

reason-repacked@^3.6.0-30fb3f55:
  version "3.6.0-30fb3f55"
  resolved "https://registry.yarnpkg.com/reason-repacked/-/reason-repacked-3.6.0-30fb3f55.tgz#2789647445acb020d6d0d596575cbb1bdfccf333"
  integrity sha512-W00yGAeAGbJv2FCRM+FLMDmYIDo+zhknHDsGXCK6e8B8m+m0Ky33sqq2qkJNO8LitU4/UN2vIq+5ReJQpIAsdQ==
